
Microsoft Visual Studio Solution File, Format Version 12.00
# Visual Studio Version 16
VisualStudioVersion = 16.0.29123.88
MinimumVisualStudioVersion = 10.0.40219.1
Project("{FAE04EC0-301F-11D3-BF4B-00C04F79EFBC}") = "JagratBharat", "JagratBharat\JagratBharat.csproj", "{B3C00228-A0AA-48ED-8EB3-EA1414545CEB}"
EndProject
Project("{FAE04EC0-301F-11D3-BF4B-00C04F79EFBC}") = "Admin", "Admin\Admin.csproj", "{3B8FD275-F381-4C58-926E-5327D78B9051}"
EndProject
Project("{FAE04EC0-301F-11D3-BF4B-00C04F79EFBC}") = "JagratBharatNewsMVC", "JagratBharatNewsMVC\JagratBharatNewsMVC.csproj", "{88EB54FB-3E05-4107-B5A0-12C5FD2A3B9B}"
EndProject
Project("{2150E333-8FDC-42A3-9474-1A3956D46DE8}") = "DBDetails", "DBDetails", "{08A30347-D2ED-4599-B635-BF10031042D0}"
	ProjectSection(SolutionItems) = preProject
		C:\Users\monty\Desktop\SQl\CreateAdvertisementTable.sql = C:\Users\monty\Desktop\SQl\CreateAdvertisementTable.sql
		C:\Users\monty\Desktop\SQl\Posts.sql = C:\Users\monty\Desktop\SQl\Posts.sql
	EndProjectSection
EndProject
Global
	GlobalSection(SolutionConfigurationPlatforms) = preSolution
		Debug|Any CPU = Debug|Any CPU
		Release|Any CPU = Release|Any CPU
	EndGlobalSection
	GlobalSection(ProjectConfigurationPlatforms) = postSolution
		{B3C00228-A0AA-48ED-8EB3-EA1414545CEB}.Debug|Any CPU.ActiveCfg = Debug|Any CPU
		{B3C00228-A0AA-48ED-8EB3-EA1414545CEB}.Debug|Any CPU.Build.0 = Debug|Any CPU
		{B3C00228-A0AA-48ED-8EB3-EA1414545CEB}.Release|Any CPU.ActiveCfg = Release|Any CPU
		{B3C00228-A0AA-48ED-8EB3-EA1414545CEB}.Release|Any CPU.Build.0 = Release|Any CPU
		{3B8FD275-F381-4C58-926E-5327D78B9051}.Debug|Any CPU.ActiveCfg = Debug|Any CPU
		{3B8FD275-F381-4C58-926E-5327D78B9051}.Debug|Any CPU.Build.0 = Debug|Any CPU
		{3B8FD275-F381-4C58-926E-5327D78B9051}.Release|Any CPU.ActiveCfg = Release|Any CPU
		{3B8FD275-F381-4C58-926E-5327D78B9051}.Release|Any CPU.Build.0 = Release|Any CPU
		{88EB54FB-3E05-4107-B5A0-12C5FD2A3B9B}.Debug|Any CPU.ActiveCfg = Debug|Any CPU
		{88EB54FB-3E05-4107-B5A0-12C5FD2A3B9B}.Debug|Any CPU.Build.0 = Debug|Any CPU
		{88EB54FB-3E05-4107-B5A0-12C5FD2A3B9B}.Release|Any CPU.ActiveCfg = Release|Any CPU
		{88EB54FB-3E05-4107-B5A0-12C5FD2A3B9B}.Release|Any CPU.Build.0 = Release|Any CPU
	EndGlobalSection
	GlobalSection(SolutionProperties) = preSolution
		HideSolutionNode = FALSE
	EndGlobalSection
	GlobalSection(ExtensibilityGlobals) = postSolution
		SolutionGuid = {00CDC9F0-D84B-421F-AC5C-0A12510FF13C}
	EndGlobalSection
EndGlobal
